
Microsoft Visual Studio Solution File, Format Version 12.00
# Visual Studio 2013
VisualStudioVersion = 12.0.31101.0
MinimumVisualStudioVersion = 10.0.40219.1
Project("{FAE04EC0-301F-11D3-BF4B-00C04F79EFBC}") = "TestUIGridBasics", "TestUIGridBasics\TestUIGridBasics.csproj", "{28D7F352-F267-461E-8722-0F8E12D3F1F3}"
EndProject
Project("{2150E333-8FDC-42A3-9474-1A3956D46DE8}") = "PublishScripts", "PublishScripts", "{3353CB1B-75E8-4E08-9011-464575458F4F}"
	ProjectSection(SolutionItems) = preProject
		PublishScripts\AzureWebsitePublishModule.psm1 = PublishScripts\AzureWebsitePublishModule.psm1
		PublishScripts\Publish-WebApplicationWebsite.ps1 = PublishScripts\Publish-WebApplicationWebsite.ps1
	EndProjectSection
EndProject
Project("{2150E333-8FDC-42A3-9474-1A3956D46DE8}") = "Configurations", "Configurations", "{5C45CEA5-3282-4C82-965E-19DF40A39436}"
	ProjectSection(SolutionItems) = preProject
		PublishScripts\Configurations\TestUIGridBasics-WAWS-dev.json = PublishScripts\Configurations\TestUIGridBasics-WAWS-dev.json
	EndProjectSection
EndProject
Global
	GlobalSection(SolutionConfigurationPlatforms) = preSolution
		Debug|Any CPU = Debug|Any CPU
		Release|Any CPU = Release|Any CPU
	EndGlobalSection
	GlobalSection(ProjectConfigurationPlatforms) = postSolution
		{28D7F352-F267-461E-8722-0F8E12D3F1F3}.Debug|Any CPU.ActiveCfg = Debug|Any CPU
		{28D7F352-F267-461E-8722-0F8E12D3F1F3}.Debug|Any CPU.Build.0 = Debug|Any CPU
		{28D7F352-F267-461E-8722-0F8E12D3F1F3}.Release|Any CPU.ActiveCfg = Release|Any CPU
		{28D7F352-F267-461E-8722-0F8E12D3F1F3}.Release|Any CPU.Build.0 = Release|Any CPU
	EndGlobalSection
	GlobalSection(SolutionProperties) = preSolution
		HideSolutionNode = FALSE
	EndGlobalSection
	GlobalSection(NestedProjects) = preSolution
		{5C45CEA5-3282-4C82-965E-19DF40A39436} = {3353CB1B-75E8-4E08-9011-464575458F4F}
	EndGlobalSection
EndGlobal
